
Microsoft Visual Studio Solution File, Format Version 12.00
# Visual Studio Version 17
VisualStudioVersion = 17.6.33829.357
MinimumVisualStudioVersion = 10.0.40219.1
Project("{FAE04EC0-301F-11D3-BF4B-00C04F79EFBC}") = "TP4P1", "TP4P1\TP4P1.csproj", "{10841846-F076-4DCC-B783-49AE91FD9694}"
EndProject
Global
	GlobalSection(SolutionConfigurationPlatforms) = preSolution
		Debug|Any CPU = Debug|Any CPU
		Release|Any CPU = Release|Any CPU
	EndGlobalSection
	GlobalSection(ProjectConfigurationPlatforms) = postSolution
		{10841846-F076-4DCC-B783-49AE91FD9694}.Debug|Any CPU.ActiveCfg = Debug|Any CPU
		{10841846-F076-4DCC-B783-49AE91FD9694}.Debug|Any CPU.Build.0 = Debug|Any CPU
		{10841846-F076-4DCC-B783-49AE91FD9694}.Release|Any CPU.ActiveCfg = Release|Any CPU
		{10841846-F076-4DCC-B783-49AE91FD9694}.Release|Any CPU.Build.0 = Release|Any CPU
	EndGlobalSection
	GlobalSection(SolutionProperties) = preSolution
		HideSolutionNode = FALSE
	EndGlobalSection
	GlobalSection(ExtensibilityGlobals) = postSolution
		SolutionGuid = {57C600BD-9004-412A-8155-620C7BA1CD3B}
	EndGlobalSection
EndGlobal
